
Microsoft Visual Studio Solution File, Format Version 12.00
# Visual Studio Version 17
VisualStudioVersion = 17.2.32630.192
MinimumVisualStudioVersion = 10.0.40219.1
Project("{FAE04EC0-301F-11D3-BF4B-00C04F79EFBC}") = "BlogAPI", "BlogAPI\BlogAPI.csproj", "{48CB4069-05F9-4AC6-A8BE-AB2FABF397BF}"
EndProject
Project("{FAE04EC0-301F-11D3-BF4B-00C04F79EFBC}") = "BlogTeste", "BlogTeste\BlogTeste.csproj", "{22042144-956B-40D3-B16D-F6984F7478E2}"
EndProject
Global
	GlobalSection(SolutionConfigurationPlatforms) = preSolution
		Debug|Any CPU = Debug|Any CPU
		Release|Any CPU = Release|Any CPU
	EndGlobalSection
	GlobalSection(ProjectConfigurationPlatforms) = postSolution
		{48CB4069-05F9-4AC6-A8BE-AB2FABF397BF}.Debug|Any CPU.ActiveCfg = Debug|Any CPU
		{48CB4069-05F9-4AC6-A8BE-AB2FABF397BF}.Debug|Any CPU.Build.0 = Debug|Any CPU
		{48CB4069-05F9-4AC6-A8BE-AB2FABF397BF}.Release|Any CPU.ActiveCfg = Release|Any CPU
		{48CB4069-05F9-4AC6-A8BE-AB2FABF397BF}.Release|Any CPU.Build.0 = Release|Any CPU
		{22042144-956B-40D3-B16D-F6984F7478E2}.Debug|Any CPU.ActiveCfg = Debug|Any CPU
		{22042144-956B-40D3-B16D-F6984F7478E2}.Debug|Any CPU.Build.0 = Debug|Any CPU
		{22042144-956B-40D3-B16D-F6984F7478E2}.Release|Any CPU.ActiveCfg = Release|Any CPU
		{22042144-956B-40D3-B16D-F6984F7478E2}.Release|Any CPU.Build.0 = Release|Any CPU
	EndGlobalSection
	GlobalSection(SolutionProperties) = preSolution
		HideSolutionNode = FALSE
	EndGlobalSection
	GlobalSection(ExtensibilityGlobals) = postSolution
		SolutionGuid = {DEB34937-40C5-4DEA-8944-96B835B00E47}
	EndGlobalSection
EndGlobal
